PODS:
  - device_info_plus (0.0.1):
    - Flutter
  - Flutter (1.0.0)
  - health (13.3.1):
    - Flutter
  - open_wearables_health_sdk (0.0.11):
    - Flutter
    - OpenWearablesHealthSDK (~> 0.6.0)
  - OpenWearablesHealthSDK (0.6.0)

DEPENDENCIES:
  - device_info_plus (from `.symlinks/plugins/device_info_plus/ios`)
  - Flutter (from `Flutter`)
  - health (from `.symlinks/plugins/health/ios`)
  - open_wearables_health_sdk (from `.symlinks/plugins/open_wearables_health_sdk/ios`)

SPEC REPOS:
  trunk:
    - OpenWearablesHealthSDK

EXTERNAL SOURCES:
  device_info_plus:
    :path: ".symlinks/plugins/device_info_plus/ios"
  Flutter:
    :path: Flutter
  health:
    :path: ".symlinks/plugins/health/ios"
  open_wearables_health_sdk:
    :path: ".symlinks/plugins/open_wearables_health_sdk/ios"

SPEC CHECKSUMS:
  device_info_plus: 21fcca2080fbcd348be798aa36c3e5ed849eefbe
  Flutter: cabc95a1d2626b1b06e7179b784ebcf0c0cde467
  health: 4decf5d74e8f54c58a8c07a385fc72f629a831d9
  open_wearables_health_sdk: 25497bfe21f4058755d8362c16b52c5881e49b5a
  OpenWearablesHealthSDK: adf0f864cba78d8a2095384dfefb84abc100646a

PODFILE CHECKSUM: 53a6aebc29ccee84c41f92f409fc20cd4ca011f1

COCOAPODS: 1.16.2
